
Microsoft Visual Studio Solution File, Format Version 12.00
# Visual Studio Version 16
VisualStudioVersion = 16.0.30011.22
MinimumVisualStudioVersion = 10.0.40219.1
Project("{FAE04EC0-301F-11D3-BF4B-00C04F79EFBC}") = "OOP_lab_2_6_4", "OOP_lab_2_6_4\OOP_lab_2_6_4.csproj", "{0039A5F5-DF08-4991-80DB-C96E4551F13E}"
EndProject
Project("{2150E333-8FDC-42A3-9474-1A3956D46DE8}") = "Solution Items", "Solution Items", "{B31B2CE0-5281-4E53-8307-F86C52DD65B1}"
	ProjectSection(SolutionItems) = preProject
		.travis.yml = .travis.yml
	EndProjectSection
EndProject
Project("{FAE04EC0-301F-11D3-BF4B-00C04F79EFBC}") = "Test", "Test\Test.csproj", "{E4178F54-CAA1-4953-9CBA-8D79D4AF80ED}"
EndProject
Global
	GlobalSection(SolutionConfigurationPlatforms) = preSolution
		Debug|Any CPU = Debug|Any CPU
		Release|Any CPU = Release|Any CPU
	EndGlobalSection
	GlobalSection(ProjectConfigurationPlatforms) = postSolution
		{0039A5F5-DF08-4991-80DB-C96E4551F13E}.Debug|Any CPU.ActiveCfg = Debug|Any CPU
		{0039A5F5-DF08-4991-80DB-C96E4551F13E}.Debug|Any CPU.Build.0 = Debug|Any CPU
		{0039A5F5-DF08-4991-80DB-C96E4551F13E}.Release|Any CPU.ActiveCfg = Release|Any CPU
		{0039A5F5-DF08-4991-80DB-C96E4551F13E}.Release|Any CPU.Build.0 = Release|Any CPU
		{E4178F54-CAA1-4953-9CBA-8D79D4AF80ED}.Debug|Any CPU.ActiveCfg = Debug|Any CPU
		{E4178F54-CAA1-4953-9CBA-8D79D4AF80ED}.Debug|Any CPU.Build.0 = Debug|Any CPU
		{E4178F54-CAA1-4953-9CBA-8D79D4AF80ED}.Release|Any CPU.ActiveCfg = Release|Any CPU
		{E4178F54-CAA1-4953-9CBA-8D79D4AF80ED}.Release|Any CPU.Build.0 = Release|Any CPU
	EndGlobalSection
	GlobalSection(SolutionProperties) = preSolution
		HideSolutionNode = FALSE
	EndGlobalSection
	GlobalSection(ExtensibilityGlobals) = postSolution
		SolutionGuid = {EEDD97F3-2FAF-480B-82E5-0D154070D768}
	EndGlobalSection
EndGlobal
